// !$*UTF8*$!
{
	archiveVersion = 1;
	classes = {
	};
	objectVersion = 46;
	objects = {

/* Begin PBXBuildFile section */
		04624C3FDACC4F5A4158BF1F /* libPods-PhotonyTests.a in Frameworks */ = {isa = PBXBuildFile; fileRef = 499E6FEB282CCC873226735A /* libPods-PhotonyTests.a */; };
		712F0B391B0E023D002FAD32 /* PlaceholderViewController.swift in Sources */ = {isa = PBXBuildFile; fileRef = 712F0B381B0E023D002FAD32 /* PlaceholderViewController.swift */; };
		7146B7171D9AB797009223B5 /* SpriteKit-Spring.swift in Sources */ = {isa = PBXBuildFile; fileRef = 7146B7161D9AB797009223B5 /* SpriteKit-Spring.swift */; };
		7177611B1B059C5800D3D9E9 /* Analytics.swift in Sources */ = {isa = PBXBuildFile; fileRef = 7177611A1B059C5800D3D9E9 /* Analytics.swift */; };
		71A110081B034A3200673E4A /* UIImageExtension.swift in Sources */ = {isa = PBXBuildFile; fileRef = 71A110071B034A3200673E4A /* UIImageExtension.swift */; };
		71CF63281BD697F20039095F /* ImagePickerController.swift in Sources */ = {isa = PBXBuildFile; fileRef = 71CF63271BD697F20039095F /* ImagePickerController.swift */; };
		71DF247E1B033D4D0076D438 /* HomeScene.sks in Resources */ = {isa = PBXBuildFile; fileRef = 71DF247D1B033D4D0076D438 /* HomeScene.sks */; };
		71E55C851B0264A000502EF4 /* AppDelegate.swift in Sources */ = {isa = PBXBuildFile; fileRef = 71E55C841B0264A000502EF4 /* AppDelegate.swift */; };
		71E55C871B0264A000502EF4 /* ViewController.swift in Sources */ = {isa = PBXBuildFile; fileRef = 71E55C861B0264A000502EF4 /* ViewController.swift */; };
		71E55C8C1B0264A000502EF4 /* Images.xcassets in Resources */ = {isa = PBXBuildFile; fileRef = 71E55C8B1B0264A000502EF4 /* Images.xcassets */; };
		71E55C8F1B0264A000502EF4 /* LaunchScreen.xib in Resources */ = {isa = PBXBuildFile; fileRef = 71E55C8D1B0264A000502EF4 /* LaunchScreen.xib */; };
		71E55C9B1B0264A000502EF4 /* PhotonyTests.swift in Sources */ = {isa = PBXBuildFile; fileRef = 71E55C9A1B0264A000502EF4 /* PhotonyTests.swift */; };
		71E55CA71B0264FE00502EF4 /* HomeScene.swift in Sources */ = {isa = PBXBuildFile; fileRef = 71E55CA61B0264FE00502EF4 /* HomeScene.swift */; };
		71E55CB21B03105600502EF4 /* UIBezierPathExtension.swift in Sources */ = {isa = PBXBuildFile; fileRef = 71E55CB11B03105600502EF4 /* UIBezierPathExtension.swift */; };
		BC74E6136384911B44A5C53A /* libPods-Photony.a in Frameworks */ = {isa = PBXBuildFile; fileRef = A3D51D70FA58079512798BD3 /* libPods-Photony.a */; };
/* End PBXBuildFile section */

/* Begin PBXContainerItemProxy section */
		71E55C951B0264A000502EF4 /* PBXContainerItemProxy */ = {
			isa = PBXContainerItemProxy;
			containerPortal = 71E55C771B0264A000502EF4 /* Project object */;
			proxyType = 1;
			remoteGlobalIDString = 71E55C7E1B0264A000502EF4;
			remoteInfo = Photony;
		};
/* End PBXContainerItemProxy section */

/* Begin PBXFileReference section */
		1BC15CA49F48834E18E303FE /* Pods-Photony.debug.xcconfig */ = {isa = PBXFileReference; includeInIndex = 1; lastKnownFileType = text.xcconfig; name = "Pods-Photony.debug.xcconfig"; path = "Pods/Target Support Files/Pods-Photony/Pods-Photony.debug.xcconfig"; sourceTree = "<group>"; };
		2556BE3673F7484647263997 /* Pods-Photony.release.xcconfig */ = {isa = PBXFileReference; includeInIndex = 1; lastKnownFileType = text.xcconfig; name = "Pods-Photony.release.xcconfig"; path = "Pods/Target Support Files/Pods-Photony/Pods-Photony.release.xcconfig"; sourceTree = "<group>"; };
		417B8B2D671610155D83E388 /* Pods-PhotonyTests.debug.xcconfig */ = {isa = PBXFileReference; includeInIndex = 1; lastKnownFileType = text.xcconfig; name = "Pods-PhotonyTests.debug.xcconfig"; path = "Pods/Target Support Files/Pods-PhotonyTests/Pods-PhotonyTests.debug.xcconfig"; sourceTree = "<group>"; };
		499E6FEB282CCC873226735A /* libPods-PhotonyTests.a */ = {isa = PBXFileReference; explicitFileType = archive.ar; includeInIndex = 0; path = "libPods-PhotonyTests.a"; sourceTree = BUILT_PRODUCTS_DIR; };
		711B6D741B042DB5005CC62E /* Photos.framework */ = {isa = PBXFileReference; lastKnownFileType = wrapper.framework; name = Photos.framework; path = System/Library/Frameworks/Photos.framework; sourceTree = SDKROOT; };
		712F0B381B0E023D002FAD32 /* PlaceholderViewController.swift */ = {isa = PBXFileReference; fileEncoding = 4; lastKnownFileType = sourcecode.swift; path = PlaceholderViewController.swift; sourceTree = "<group>"; };
		7146B7161D9AB797009223B5 /* SpriteKit-Spring.swift */ = {isa = PBXFileReference; fileEncoding = 4; lastKnownFileType = sourcecode.swift; path = "SpriteKit-Spring.swift"; sourceTree = "<group>"; };
		717761161B059BC700D3D9E9 /* Photony-Bridging-Header.h */ = {isa = PBXFileReference; lastKnownFileType = sourcecode.c.h; path = "Photony-Bridging-Header.h"; sourceTree = "<group>"; };
		7177611A1B059C5800D3D9E9 /* Analytics.swift */ = {isa = PBXFileReference; fileEncoding = 4; lastKnownFileType = sourcecode.swift; path = Analytics.swift; sourceTree = "<group>"; };
		71A110071B034A3200673E4A /* UIImageExtension.swift */ = {isa = PBXFileReference; fileEncoding = 4; lastKnownFileType = sourcecode.swift; path = UIImageExtension.swift; sourceTree = "<group>"; };
		71CF63271BD697F20039095F /* ImagePickerController.swift */ = {isa = PBXFileReference; fileEncoding = 4; lastKnownFileType = sourcecode.swift; path = ImagePickerController.swift; sourceTree = "<group>"; };
		71DF247D1B033D4D0076D438 /* HomeScene.sks */ = {isa = PBXFileReference; lastKnownFileType = file.sks; path = HomeScene.sks; sourceTree = "<group>"; };
		71E55C7F1B0264A000502EF4 /* Photony.app */ = {isa = PBXFileReference; explicitFileType = wrapper.application; includeInIndex = 0; path = Photony.app; sourceTree = BUILT_PRODUCTS_DIR; };
		71E55C831B0264A000502EF4 /* Info.plist */ = {isa = PBXFileReference; lastKnownFileType = text.plist.xml; path = Info.plist; sourceTree = "<group>"; };
		71E55C841B0264A000502EF4 /* AppDelegate.swift */ = {isa = PBXFileReference; lastKnownFileType = sourcecode.swift; path = AppDelegate.swift; sourceTree = "<group>"; };
		71E55C861B0264A000502EF4 /* ViewController.swift */ = {isa = PBXFileReference; lastKnownFileType = sourcecode.swift; path = ViewController.swift; sourceTree = "<group>"; };
		71E55C8B1B0264A000502EF4 /* Images.xcassets */ = {isa = PBXFileReference; lastKnownFileType = folder.assetcatalog; path = Images.xcassets; sourceTree = "<group>"; };
		71E55C8E1B0264A000502EF4 /* Base */ = {isa = PBXFileReference; lastKnownFileType = file.xib; name = Base; path = Base.lproj/LaunchScreen.xib; sourceTree = "<group>"; };
		71E55C941B0264A000502EF4 /* PhotonyTests.xctest */ = {isa = PBXFileReference; explicitFileType = wrapper.cfbundle; includeInIndex = 0; path = PhotonyTests.xctest; sourceTree = BUILT_PRODUCTS_DIR; };
		71E55C991B0264A000502EF4 /* Info.plist */ = {isa = PBXFileReference; lastKnownFileType = text.plist.xml; path = Info.plist; sourceTree = "<group>"; };
		71E55C9A1B0264A000502EF4 /* PhotonyTests.swift */ = {isa = PBXFileReference; lastKnownFileType = sourcecode.swift; path = PhotonyTests.swift; sourceTree = "<group>"; };
		71E55CA61B0264FE00502EF4 /* HomeScene.swift */ = {isa = PBXFileReference; fileEncoding = 4; lastKnownFileType = sourcecode.swift; path = HomeScene.swift; sourceTree = "<group>"; };
		71E55CA81B02651000502EF4 /* SpriteKit.framework */ = {isa = PBXFileReference; lastKnownFileType = wrapper.framework; name = SpriteKit.framework; path = System/Library/Frameworks/SpriteKit.framework; sourceTree = SDKROOT; };
		71E55CAA1B02DAB400502EF4 /* Social.framework */ = {isa = PBXFileReference; lastKnownFileType = wrapper.framework; name = Social.framework; path = System/Library/Frameworks/Social.framework; sourceTree = SDKROOT; };
		71E55CB11B03105600502EF4 /* UIBezierPathExtension.swift */ = {isa = PBXFileReference; fileEncoding = 4; lastKnownFileType = sourcecode.swift; path = UIBezierPathExtension.swift; sourceTree = "<group>"; };
		A3D51D70FA58079512798BD3 /* libPods-Photony.a */ = {isa = PBXFileReference; explicitFileType = archive.ar; includeInIndex = 0; path = "libPods-Photony.a"; sourceTree = BUILT_PRODUCTS_DIR; };
		CBFA31A381C6DE6D47E07D02 /* Pods-PhotonyTests.release.xcconfig */ = {isa = PBXFileReference; includeInIndex = 1; lastKnownFileType = text.xcconfig; name = "Pods-PhotonyTests.release.xcconfig"; path = "Pods/Target Support Files/Pods-PhotonyTests/Pods-PhotonyTests.release.xcconfig"; sourceTree = "<group>"; };
/* End PBXFileReference section */

/* Begin PBXFrameworksBuildPhase section */
		71E55C7C1B0264A000502EF4 /* Frameworks */ = {
			isa = PBXFrameworksBuildPhase;
			buildActionMask = 2147483647;
			files = (
				BC74E6136384911B44A5C53A /* libPods-Photony.a in Frameworks */,
			);
			runOnlyForDeploymentPostprocessing = 0;
		};
		71E55C911B0264A000502EF4 /* Frameworks */ = {
			isa = PBXFrameworksBuildPhase;
			buildActionMask = 2147483647;
			files = (
				04624C3FDACC4F5A4158BF1F /* libPods-PhotonyTests.a in Frameworks */,
			);
			runOnlyForDeploymentPostprocessing = 0;
		};
/* End PBXFrameworksBuildPhase section */

/* Begin PBXGroup section */
		38D9EFD37D952F64EB5D8FF1 /* Pods */ = {
			isa = PBXGroup;
			children = (
				1BC15CA49F48834E18E303FE /* Pods-Photony.debug.xcconfig */,
				2556BE3673F7484647263997 /* Pods-Photony.release.xcconfig */,
				417B8B2D671610155D83E388 /* Pods-PhotonyTests.debug.xcconfig */,
				CBFA31A381C6DE6D47E07D02 /* Pods-PhotonyTests.release.xcconfig */,
			);
			name = Pods;
			sourceTree = "<group>";
		};
		71E55C761B0264A000502EF4 = {
			isa = PBXGroup;
			children = (
				71E55C811B0264A000502EF4 /* Photony */,
				71E55C971B0264A000502EF4 /* PhotonyTests */,
				71E55CAC1B02DAC000502EF4 /* Frameworks */,
				71E55C801B0264A000502EF4 /* Products */,
				38D9EFD37D952F64EB5D8FF1 /* Pods */,
			);
			sourceTree = "<group>";
		};
		71E55C801B0264A000502EF4 /* Products */ = {
			isa = PBXGroup;
			children = (
				71E55C7F1B0264A000502EF4 /* Photony.app */,
				71E55C941B0264A000502EF4 /* PhotonyTests.xctest */,
			);
			name = Products;
			sourceTree = "<group>";
		};
		71E55C811B0264A000502EF4 /* Photony */ = {
			isa = PBXGroup;
			children = (
				71E55C841B0264A000502EF4 /* AppDelegate.swift */,
				71E55C861B0264A000502EF4 /* ViewController.swift */,
				71E55CA61B0264FE00502EF4 /* HomeScene.swift */,
				7146B7161D9AB797009223B5 /* SpriteKit-Spring.swift */,
				712F0B381B0E023D002FAD32 /* PlaceholderViewController.swift */,
				71CF63271BD697F20039095F /* ImagePickerController.swift */,
				71E55CB11B03105600502EF4 /* UIBezierPathExtension.swift */,
				71A110071B034A3200673E4A /* UIImageExtension.swift */,
				7177611A1B059C5800D3D9E9 /* Analytics.swift */,
				71E55C8B1B0264A000502EF4 /* Images.xcassets */,
				71E55C8D1B0264A000502EF4 /* LaunchScreen.xib */,
				71DF247D1B033D4D0076D438 /* HomeScene.sks */,
				71E55C821B0264A000502EF4 /* Supporting Files */,
			);
			path = Photony;
			sourceTree = "<group>";
		};
		71E55C821B0264A000502EF4 /* Supporting Files */ = {
			isa = PBXGroup;
			children = (
				717761161B059BC700D3D9E9 /* Photony-Bridging-Header.h */,
				71E55C831B0264A000502EF4 /* Info.plist */,
			);
			name = "Supporting Files";
			sourceTree = "<group>";
		};
		71E55C971B0264A000502EF4 /* PhotonyTests */ = {
			isa = PBXGroup;
			children = (
				71E55C9A1B0264A000502EF4 /* PhotonyTests.swift */,
				71E55C981B0264A000502EF4 /* Supporting Files */,
			);
			path = PhotonyTests;
			sourceTree = "<group>";
		};
		71E55C981B0264A000502EF4 /* Supporting Files */ = {
			isa = PBXGroup;
			children = (
				71E55C991B0264A000502EF4 /* Info.plist */,
			);
			name = "Supporting Files";
			sourceTree = "<group>";
		};
		71E55CAC1B02DAC000502EF4 /* Frameworks */ = {
			isa = PBXGroup;
			children = (
				711B6D741B042DB5005CC62E /* Photos.framework */,
				71E55CAA1B02DAB400502EF4 /* Social.framework */,
				71E55CA81B02651000502EF4 /* SpriteKit.framework */,
				A3D51D70FA58079512798BD3 /* libPods-Photony.a */,
				499E6FEB282CCC873226735A /* libPods-PhotonyTests.a */,
			);
			name = Frameworks;
			path = Photony;
			sourceTree = "<group>";
		};
/* End PBXGroup section */

/* Begin PBXNativeTarget section */
		71E55C7E1B0264A000502EF4 /* Photony */ = {
			isa = PBXNativeTarget;
			buildConfigurationList = 71E55C9E1B0264A000502EF4 /* Build configuration list for PBXNativeTarget "Photony" */;
			buildPhases = (
				A2F1493F58C751C78E212085 /* [CP] Check Pods Manifest.lock */,
				71E55C7B1B0264A000502EF4 /* Sources */,
				71E55C7C1B0264A000502EF4 /* Frameworks */,
				71E55C7D1B0264A000502EF4 /* Resources */,
				711B6D781B04710D005CC62E /* Run Script */,
				A27432734D991D2439D9D97D /* [CP] Embed Pods Frameworks */,
				231999F61B64ED9B08FE4C40 /* [CP] Copy Pods Resources */,
			);
			buildRules = (
			);
			dependencies = (
			);
			name = Photony;
			productName = Photony;
			productReference = 71E55C7F1B0264A000502EF4 /* Photony.app */;
			productType = "com.apple.product-type.application";
		};
		71E55C931B0264A000502EF4 /* PhotonyTests */ = {
			isa = PBXNativeTarget;
			buildConfigurationList = 71E55CA11B0264A000502EF4 /* Build configuration list for PBXNativeTarget "PhotonyTests" */;
			buildPhases = (
				B127976794C4A956B1D130FE /* [CP] Check Pods Manifest.lock */,
				71E55C901B0264A000502EF4 /* Sources */,
				71E55C911B0264A000502EF4 /* Frameworks */,
				71E55C921B0264A000502EF4 /* Resources */,
				BA33623ADA1DCC11DD8C951B /* [CP] Embed Pods Frameworks */,
				A8DB2E3FB2AB685D31F5F781 /* [CP] Copy Pods Resources */,
			);
			buildRules = (
			);
			dependencies = (
				71E55C961B0264A000502EF4 /* PBXTargetDependency */,
			);
			name = PhotonyTests;
			productName = PhotonyTests;
			productReference = 71E55C941B0264A000502EF4 /* PhotonyTests.xctest */;
			productType = "com.apple.product-type.bundle.unit-test";
		};
/* End PBXNativeTarget section */

/* Begin PBXProject section */
		71E55C771B0264A000502EF4 /* Project object */ = {
			isa = PBXProject;
			attributes = {
				LastSwiftMigration = 0700;
				LastSwiftUpdateCheck = 0700;
				LastUpgradeCheck = 0800;
				ORGANIZATIONNAME = KeisukeKarijuku;
				TargetAttributes = {
					71E55C7E1B0264A000502EF4 = {
						CreatedOnToolsVersion = 6.3.1;
						DevelopmentTeam = 4HT2V2M2FQ;
						LastSwiftMigration = 0800;
					};
					71E55C931B0264A000502EF4 = {
						CreatedOnToolsVersion = 6.3.1;
						DevelopmentTeam = 4HT2V2M2FQ;
						LastSwiftMigration = 0800;
						TestTargetID = 71E55C7E1B0264A000502EF4;
					};
				};
			};
			buildConfigurationList = 71E55C7A1B0264A000502EF4 /* Build configuration list for PBXProject "Photony" */;
			compatibilityVersion = "Xcode 3.2";
			developmentRegion = English;
			hasScannedForEncodings = 0;
			knownRegions = (
				en,
				Base,
			);
			mainGroup = 71E55C761B0264A000502EF4;
			productRefGroup = 71E55C801B0264A000502EF4 /* Products */;
			projectDirPath = "";
			projectRoot = "";
			targets = (
				71E55C7E1B0264A000502EF4 /* Photony */,
				71E55C931B0264A000502EF4 /* PhotonyTests */,
			);
		};
/* End PBXProject section */

/* Begin PBXResourcesBuildPhase section */
		71E55C7D1B0264A000502EF4 /* Resources */ = {
			isa = PBXResourcesBuildPhase;
			buildActionMask = 2147483647;
			files = (
				71E55C8F1B0264A000502EF4 /* LaunchScreen.xib in Resources */,
				71DF247E1B033D4D0076D438 /* HomeScene.sks in Resources */,
				71E55C8C1B0264A000502EF4 /* Images.xcassets in Resources */,
			);
			runOnlyForDeploymentPostprocessing = 0;
		};
		71E55C921B0264A000502EF4 /* Resources */ = {
			isa = PBXResourcesBuildPhase;
			buildActionMask = 2147483647;
			files = (
			);
			runOnlyForDeploymentPostprocessing = 0;
		};
/* End PBXResourcesBuildPhase section */

/* Begin PBXShellScriptBuildPhase section */
		231999F61B64ED9B08FE4C40 /* [CP] Copy Pods Resources */ = {
			isa = PBXShellScriptBuildPhase;
			buildActionMask = 2147483647;
			files = (
			);
			inputPaths = (
			);
			name = "[CP] Copy Pods Resources";
			outputPaths = (
			);
			runOnlyForDeploymentPostprocessing = 0;
			shellPath = /bin/sh;
			shellScript = "\"${SRCROOT}/Pods/Target Support Files/Pods-Photony/Pods-Photony-resources.sh\"\n";
			showEnvVarsInLog = 0;
		};
		711B6D781B04710D005CC62E /* Run Script */ = {
			isa = PBXShellScriptBuildPhase;
			buildActionMask = 2147483647;
			files = (
			);
			inputPaths = (
			);
			name = "Run Script";
			outputPaths = (
			);
			runOnlyForDeploymentPostprocessing = 0;
			shellPath = /bin/sh;
			shellScript = "${PODS_ROOT}/Fabric/run e304869e1f84a6d87002a3e24fd4a640cfff713f 4a936fe0d1953bea1fb868e24488bb1c059460d6d909963e8cb2ed59d22c9c85";
		};
		A27432734D991D2439D9D97D /* [CP] Embed Pods Frameworks */ = {
			isa = PBXShellScriptBuildPhase;
			buildActionMask = 2147483647;
			files = (
			);
			inputPaths = (
			);
			name = "[CP] Embed Pods Frameworks";
			outputPaths = (
			);
			runOnlyForDeploymentPostprocessing = 0;
			shellPath = /bin/sh;
			shellScript = "\"${SRCROOT}/Pods/Target Support Files/Pods-Photony/Pods-Photony-frameworks.sh\"\n";
			showEnvVarsInLog = 0;
		};
		A2F1493F58C751C78E212085 /* [CP] Check Pods Manifest.lock */ = {
			isa = PBXShellScriptBuildPhase;
			buildActionMask = 2147483647;
			files = (
			);
			inputPaths = (
			);
			name = "[CP] Check Pods Manifest.lock";
			outputPaths = (
			);
			runOnlyForDeploymentPostprocessing = 0;
			shellPath = /bin/sh;
			shellScript = "diff \"${PODS_ROOT}/../Podfile.lock\" \"${PODS_ROOT}/Manifest.lock\" > /dev/null\nif [ $? != 0 ] ; then\n    # print error to STDERR\n    echo \"error: The sandbox is not in sync with the Podfile.lock. Run 'pod install' or update your CocoaPods installation.\" >&2\n    exit 1\nfi\n";
			showEnvVarsInLog = 0;
		};
		A8DB2E3FB2AB685D31F5F781 /* [CP] Copy Pods Resources */ = {
			isa = PBXShellScriptBuildPhase;
			buildActionMask = 2147483647;
			files = (
			);
			inputPaths = (
			);
			name = "[CP] Copy Pods Resources";
			outputPaths = (
			);
			runOnlyForDeploymentPostprocessing = 0;
			shellPath = /bin/sh;
			shellScript = "\"${SRCROOT}/Pods/Target Support Files/Pods-PhotonyTests/Pods-PhotonyTests-resources.sh\"\n";
			showEnvVarsInLog = 0;
		};
		B127976794C4A956B1D130FE /* [CP] Check Pods Manifest.lock */ = {
			isa = PBXShellScriptBuildPhase;
			buildActionMask = 2147483647;
			files = (
			);
			inputPaths = (
			);
			name = "[CP] Check Pods Manifest.lock";
			outputPaths = (
			);
			runOnlyForDeploymentPostprocessing = 0;
			shellPath = /bin/sh;
			shellScript = "diff \"${PODS_ROOT}/../Podfile.lock\" \"${PODS_ROOT}/Manifest.lock\" > /dev/null\nif [ $? != 0 ] ; then\n    # print error to STDERR\n    echo \"error: The sandbox is not in sync with the Podfile.lock. Run 'pod install' or update your CocoaPods installation.\" >&2\n    exit 1\nfi\n";
			showEnvVarsInLog = 0;
		};
		BA33623ADA1DCC11DD8C951B /* [CP] Embed Pods Frameworks */ = {
			isa = PBXShellScriptBuildPhase;
			buildActionMask = 2147483647;
			files = (
			);
			inputPaths = (
			);
			name = "[CP] Embed Pods Frameworks";
			outputPaths = (
			);
			runOnlyForDeploymentPostprocessing = 0;
			shellPath = /bin/sh;
			shellScript = "\"${SRCROOT}/Pods/Target Support Files/Pods-PhotonyTests/Pods-PhotonyTests-frameworks.sh\"\n";
			showEnvVarsInLog = 0;
		};
/* End PBXShellScriptBuildPhase section */

/* Begin PBXSourcesBuildPhase section */
		71E55C7B1B0264A000502EF4 /* Sources */ = {
			isa = PBXSourcesBuildPhase;
			buildActionMask = 2147483647;
			files = (
				71E55CA71B0264FE00502EF4 /* HomeScene.swift in Sources */,
				71CF63281BD697F20039095F /* ImagePickerController.swift in Sources */,
				7177611B1B059C5800D3D9E9 /* Analytics.swift in Sources */,
				71E55C871B0264A000502EF4 /* ViewController.swift in Sources */,
				71E55C851B0264A000502EF4 /* AppDelegate.swift in Sources */,
				712F0B391B0E023D002FAD32 /* PlaceholderViewController.swift in Sources */,
				71E55CB21B03105600502EF4 /* UIBezierPathExtension.swift in Sources */,
				7146B7171D9AB797009223B5 /* SpriteKit-Spring.swift in Sources */,
				71A110081B034A3200673E4A /* UIImageExtension.swift in Sources */,
			);
			runOnlyForDeploymentPostprocessing = 0;
		};
		71E55C901B0264A000502EF4 /* Sources */ = {
			isa = PBXSourcesBuildPhase;
			buildActionMask = 2147483647;
			files = (
				71E55C9B1B0264A000502EF4 /* PhotonyTests.swift in Sources */,
			);
			runOnlyForDeploymentPostprocessing = 0;
		};
/* End PBXSourcesBuildPhase section */

/* Begin PBXTargetDependency section */
		71E55C961B0264A000502EF4 /* PBXTargetDependency */ = {
			isa = PBXTargetDependency;
			target = 71E55C7E1B0264A000502EF4 /* Photony */;
			targetProxy = 71E55C951B0264A000502EF4 /* PBXContainerItemProxy */;
		};
/* End PBXTargetDependency section */

/* Begin PBXVariantGroup section */
		71E55C8D1B0264A000502EF4 /* LaunchScreen.xib */ = {
			isa = PBXVariantGroup;
			children = (
				71E55C8E1B0264A000502EF4 /* Base */,
			);
			name = LaunchScreen.xib;
			sourceTree = "<group>";
		};
/* End PBXVariantGroup section */

/* Begin XCBuildConfiguration section */
		71E55C9C1B0264A000502EF4 /* Debug */ = {
			isa = XCBuildConfiguration;
			buildSettings = {
				ALWAYS_SEARCH_USER_PATHS = NO;
				CLANG_CXX_LANGUAGE_STANDARD = "gnu++0x";
				CLANG_CXX_LIBRARY = "libc++";
				CLANG_ENABLE_MODULES = YES;
				CLANG_ENABLE_OBJC_ARC = YES;
				CLANG_WARN_BOOL_CONVERSION = YES;
				CLANG_WARN_CONSTANT_CONVERSION = YES;
				CLANG_WARN_DIRECT_OBJC_ISA_USAGE = YES_ERROR;
				CLANG_WARN_EMPTY_BODY = YES;
				CLANG_WARN_ENUM_CONVERSION = YES;
				CLANG_WARN_INFINITE_RECURSION = YES;
				CLANG_WARN_INT_CONVERSION = YES;
				CLANG_WARN_OBJC_ROOT_CLASS = YES_ERROR;
				CLANG_WARN_SUSPICIOUS_MOVE = YES;
				CLANG_WARN_UNREACHABLE_CODE = YES;
				CLANG_WARN__DUPLICATE_METHOD_MATCH = YES;
				"CODE_SIGN_IDENTITY[sdk=iphoneos*]" = "iPhone Developer";
				COPY_PHASE_STRIP = NO;
				DEBUG_INFORMATION_FORMAT = "dwarf-with-dsym";
				DEVELOPMENT_TEAM = 4HT2V2M2FQ;
				ENABLE_STRICT_OBJC_MSGSEND = YES;
				ENABLE_TESTABILITY = YES;
				GCC_C_LANGUAGE_STANDARD = gnu99;
				GCC_DYNAMIC_NO_PIC = NO;
				GCC_NO_COMMON_BLOCKS = YES;
				GCC_OPTIMIZATION_LEVEL = 0;
				GCC_PREPROCESSOR_DEFINITIONS = (
					"DEBUG=1",
					"$(inherited)",
				);
				GCC_SYMBOLS_PRIVATE_EXTERN = NO;
				GCC_WARN_64_TO_32_BIT_CONVERSION = YES;
				GCC_WARN_ABOUT_RETURN_TYPE = YES_ERROR;
				GCC_WARN_UNDECLARED_SELECTOR = YES;
				GCC_WARN_UNINITIALIZED_AUTOS = YES_AGGRESSIVE;
				GCC_WARN_UNUSED_FUNCTION = YES;
				GCC_WARN_UNUSED_VARIABLE = YES;
				IPHONEOS_DEPLOYMENT_TARGET = 8.0;
				MTL_ENABLE_DEBUG_INFO = YES;
				ONLY_ACTIVE_ARCH = YES;
				SDKROOT = iphoneos;
				SWIFT_OPTIMIZATION_LEVEL = "-Onone";
				TARGETED_DEVICE_FAMILY = "1,2";
			};
			name = Debug;
		};
		71E55C9D1B0264A000502EF4 /* Release */ = {
			isa = XCBuildConfiguration;
			buildSettings = {
				ALWAYS_SEARCH_USER_PATHS = NO;
				CLANG_CXX_LANGUAGE_STANDARD = "gnu++0x";
				CLANG_CXX_LIBRARY = "libc++";
				CLANG_ENABLE_MODULES = YES;
				CLANG_ENABLE_OBJC_ARC = YES;
				CLANG_WARN_BOOL_CONVERSION = YES;
				CLANG_WARN_CONSTANT_CONVERSION = YES;
				CLANG_WARN_DIRECT_OBJC_ISA_USAGE = YES_ERROR;
				CLANG_WARN_EMPTY_BODY = YES;
				CLANG_WARN_ENUM_CONVERSION = YES;
				CLANG_WARN_INFINITE_RECURSION = YES;
				CLANG_WARN_INT_CONVERSION = YES;
				CLANG_WARN_OBJC_ROOT_CLASS = YES_ERROR;
				CLANG_WARN_SUSPICIOUS_MOVE = YES;
				CLANG_WARN_UNREACHABLE_CODE = YES;
				CLANG_WARN__DUPLICATE_METHOD_MATCH = YES;
				"CODE_SIGN_IDENTITY[sdk=iphoneos*]" = "iPhone Distribution";
				COPY_PHASE_STRIP = NO;
				DEBUG_INFORMATION_FORMAT = "dwarf-with-dsym";
				DEVELOPMENT_TEAM = 4HT2V2M2FQ;
				ENABLE_NS_ASSERTIONS = NO;
				ENABLE_STRICT_OBJC_MSGSEND = YES;
				GCC_C_LANGUAGE_STANDARD = gnu99;
				GCC_NO_COMMON_BLOCKS = YES;
				GCC_WARN_64_TO_32_BIT_CONVERSION = YES;
				GCC_WARN_ABOUT_RETURN_TYPE = YES_ERROR;
				GCC_WARN_UNDECLARED_SELECTOR = YES;
				GCC_WARN_UNINITIALIZED_AUTOS = YES_AGGRESSIVE;
				GCC_WARN_UNUSED_FUNCTION = YES;
				GCC_WARN_UNUSED_VARIABLE = YES;
				IPHONEOS_DEPLOYMENT_TARGET = 8.0;
				MTL_ENABLE_DEBUG_INFO = NO;
				SDKROOT = iphoneos;
				SWIFT_OPTIMIZATION_LEVEL = "-Owholemodule";
				TARGETED_DEVICE_FAMILY = "1,2";
				VALIDATE_PRODUCT = YES;
			};
			name = Release;
		};
		71E55C9F1B0264A000502EF4 /* Debug */ = {
			isa = XCBuildConfiguration;
			baseConfigurationReference = 1BC15CA49F48834E18E303FE /* Pods-Photony.debug.xcconfig */;
			buildSettings = {
				ASSETCATALOG_COMPILER_APPICON_NAME = AppIcon;
				CLANG_ENABLE_MODULES = YES;
				INFOPLIST_FILE = Photony/Info.plist;
				LD_RUNPATH_SEARCH_PATHS = "$(inherited) @executable_path/Frameworks";
				PRODUCT_BUNDLE_IDENTIFIER = com.KeisukeKarijuku.picshot;
				PRODUCT_NAME = "$(TARGET_NAME)";
				SWIFT_OBJC_BRIDGING_HEADER = "Photony/Photony-Bridging-Header.h";
				SWIFT_OPTIMIZATION_LEVEL = "-Onone";
				SWIFT_VERSION = 3.0;
			};
			name = Debug;
		};
		71E55CA01B0264A000502EF4 /* Release */ = {
			isa = XCBuildConfiguration;
			baseConfigurationReference = 2556BE3673F7484647263997 /* Pods-Photony.release.xcconfig */;
			buildSettings = {
				ASSETCATALOG_COMPILER_APPICON_NAME = AppIcon;
				CLANG_ENABLE_MODULES = YES;
				INFOPLIST_FILE = Photony/Info.plist;
				LD_RUNPATH_SEARCH_PATHS = "$(inherited) @executable_path/Frameworks";
				PRODUCT_BUNDLE_IDENTIFIER = com.KeisukeKarijuku.picshot;
				PRODUCT_NAME = "$(TARGET_NAME)";
				SWIFT_OBJC_BRIDGING_HEADER = "Photony/Photony-Bridging-Header.h";
				SWIFT_VERSION = 3.0;
			};
			name = Release;
		};
		71E55CA21B0264A000502EF4 /* Debug */ = {
			isa = XCBuildConfiguration;
			baseConfigurationReference = 417B8B2D671610155D83E388 /* Pods-PhotonyTests.debug.xcconfig */;
			buildSettings = {
				BUNDLE_LOADER = "$(TEST_HOST)";
				GCC_PREPROCESSOR_DEFINITIONS = (
					"DEBUG=1",
					"$(inherited)",
				);
				INFOPLIST_FILE = PhotonyTests/Info.plist;
				LD_RUNPATH_SEARCH_PATHS = "$(inherited) @executable_path/Frameworks @loader_path/Frameworks";
				PRODUCT_BUNDLE_IDENTIFIER = "com.KeisukeKarijuku.$(PRODUCT_NAME:rfc1034identifier)";
				PRODUCT_NAME = "$(TARGET_NAME)";
				SWIFT_VERSION = 3.0;
				TEST_HOST = "$(BUILT_PRODUCTS_DIR)/Photony.app/Photony";
			};
			name = Debug;
		};
		71E55CA31B0264A000502EF4 /* Release */ = {
			isa = XCBuildConfiguration;
			baseConfigurationReference = CBFA31A381C6DE6D47E07D02 /* Pods-PhotonyTests.release.xcconfig */;
			buildSettings = {
				BUNDLE_LOADER = "$(TEST_HOST)";
				INFOPLIST_FILE = PhotonyTests/Info.plist;
				LD_RUNPATH_SEARCH_PATHS = "$(inherited) @executable_path/Frameworks @loader_path/Frameworks";
				PRODUCT_BUNDLE_IDENTIFIER = "com.KeisukeKarijuku.$(PRODUCT_NAME:rfc1034identifier)";
				PRODUCT_NAME = "$(TARGET_NAME)";
				SWIFT_VERSION = 3.0;
				TEST_HOST = "$(BUILT_PRODUCTS_DIR)/Photony.app/Photony";
			};
			name = Release;
		};
/* End XCBuildConfiguration section */

/* Begin XCConfigurationList section */
		71E55C7A1B0264A000502EF4 /* Build configuration list for PBXProject "Photony" */ = {
			isa = XCConfigurationList;
			buildConfigurations = (
				71E55C9C1B0264A000502EF4 /* Debug */,
				71E55C9D1B0264A000502EF4 /* Release */,
			);
			defaultConfigurationIsVisible = 0;
			defaultConfigurationName = Release;
		};
		71E55C9E1B0264A000502EF4 /* Build configuration list for PBXNativeTarget "Photony" */ = {
			isa = XCConfigurationList;
			buildConfigurations = (
				71E55C9F1B0264A000502EF4 /* Debug */,
				71E55CA01B0264A000502EF4 /* Release */,
			);
			defaultConfigurationIsVisible = 0;
			defaultConfigurationName = Release;
		};
		71E55CA11B0264A000502EF4 /* Build configuration list for PBXNativeTarget "PhotonyTests" */ = {
			isa = XCConfigurationList;
			buildConfigurations = (
				71E55CA21B0264A000502EF4 /* Debug */,
				71E55CA31B0264A000502EF4 /* Release */,
			);
			defaultConfigurationIsVisible = 0;
			defaultConfigurationName = Release;
		};
/* End XCConfigurationList section */
	};
	rootObject = 71E55C771B0264A000502EF4 /* Project object */;
}
